// !$*UTF8*$!
{
	archiveVersion = 1;
	classes = {
	};
	objectVersion = 50;
	objects = {

/* Begin PBXBuildFile section */
		9032A41B25465BB1001ECCC3 /* AppDelegate.swift in Sources */ = {isa = PBXBuildFile; fileRef = 9032A41A25465BB1001ECCC3 /* AppDelegate.swift */; };
		9032A41D25465BB1001ECCC3 /* VideoView.swift in Sources */ = {isa = PBXBuildFile; fileRef = 9032A41C25465BB1001ECCC3 /* VideoView.swift */; };
		9032A41F25465BB1001ECCC3 /* Assets.xcassets in Resources */ = {isa = PBXBuildFile; fileRef = 9032A41E25465BB1001ECCC3 /* Assets.xcassets */; };
		9032A42225465BB1001ECCC3 /* Preview Assets.xcassets in Resources */ = {isa = PBXBuildFile; fileRef = 9032A42125465BB1001ECCC3 /* Preview Assets.xcassets */; };
		9032A42525465BB1001ECCC3 /* Main.storyboard in Resources */ = {isa = PBXBuildFile; fileRef = 9032A42325465BB1001ECCC3 /* Main.storyboard */; };
		9032A43725465D8C001ECCC3 /* AVManager.swift in Sources */ = {isa = PBXBuildFile; fileRef = 9032A43625465D8C001ECCC3 /* AVManager.swift */; };
		9032A43A254669CF001ECCC3 /* AVDisaplyView.swift in Sources */ = {isa = PBXBuildFile; fileRef = 9032A439254669CF001ECCC3 /* AVDisaplyView.swift */; };
		9032A47125467F1C001ECCC3 /* RenderView.swift in Sources */ = {isa = PBXBuildFile; fileRef = 9032A47025467F1C001ECCC3 /* RenderView.swift */; };
		9032A479254681A7001ECCC3 /* H264Coder.swift in Sources */ = {isa = PBXBuildFile; fileRef = 9032A478254681A7001ECCC3 /* H264Coder.swift */; };
		9032A47C2546826D001ECCC3 /* H264Decoder.swift in Sources */ = {isa = PBXBuildFile; fileRef = 9032A47B2546826C001ECCC3 /* H264Decoder.swift */; };
/* End PBXBuildFile section */

/* Begin PBXFileReference section */
		9032A41725465BB0001ECCC3 /* VideoToolboxExample.app */ = {isa = PBXFileReference; explicitFileType = wrapper.application; includeInIndex = 0; path = VideoToolboxExample.app; sourceTree = BUILT_PRODUCTS_DIR; };
		9032A41A25465BB1001ECCC3 /* AppDelegate.swift */ = {isa = PBXFileReference; lastKnownFileType = sourcecode.swift; path = AppDelegate.swift; sourceTree = "<group>"; };
		9032A41C25465BB1001ECCC3 /* VideoView.swift */ = {isa = PBXFileReference; lastKnownFileType = sourcecode.swift; path = VideoView.swift; sourceTree = "<group>"; };
		9032A41E25465BB1001ECCC3 /* Assets.xcassets */ = {isa = PBXFileReference; lastKnownFileType = folder.assetcatalog; path = Assets.xcassets; sourceTree = "<group>"; };
		9032A42125465BB1001ECCC3 /* Preview Assets.xcassets */ = {isa = PBXFileReference; lastKnownFileType = folder.assetcatalog; path = "Preview Assets.xcassets"; sourceTree = "<group>"; };
		9032A42425465BB1001ECCC3 /* Base */ = {isa = PBXFileReference; lastKnownFileType = file.storyboard; name = Base; path = Base.lproj/Main.storyboard; sourceTree = "<group>"; };
		9032A42625465BB1001ECCC3 /* Info.plist */ = {isa = PBXFileReference; lastKnownFileType = text.plist.xml; path = Info.plist; sourceTree = "<group>"; };
		9032A42725465BB1001ECCC3 /* VideoToolboxExample.entitlements */ = {isa = PBXFileReference; lastKnownFileType = text.plist.entitlements; path = VideoToolboxExample.entitlements; sourceTree = "<group>"; };
		9032A43625465D8C001ECCC3 /* AVManager.swift */ = {isa = PBXFileReference; lastKnownFileType = sourcecode.swift; path = AVManager.swift; sourceTree = "<group>"; };
		9032A439254669CF001ECCC3 /* AVDisaplyView.swift */ = {isa = PBXFileReference; lastKnownFileType = sourcecode.swift; path = AVDisaplyView.swift; sourceTree = "<group>"; };
		9032A47025467F1C001ECCC3 /* RenderView.swift */ = {isa = PBXFileReference; lastKnownFileType = sourcecode.swift; path = RenderView.swift; sourceTree = "<group>"; };
		9032A478254681A7001ECCC3 /* H264Coder.swift */ = {isa = PBXFileReference; lastKnownFileType = sourcecode.swift; path = H264Coder.swift; sourceTree = "<group>"; };
		9032A47B2546826C001ECCC3 /* H264Decoder.swift */ = {isa = PBXFileReference; lastKnownFileType = sourcecode.swift; path = H264Decoder.swift; sourceTree = "<group>"; };
/* End PBXFileReference section */

/* Begin PBXFrameworksBuildPhase section */
		9032A41425465BB0001ECCC3 /* Frameworks */ = {
			isa = PBXFrameworksBuildPhase;
			buildActionMask = 2147483647;
			files = (
			);
			runOnlyForDeploymentPostprocessing = 0;
		};
/* End PBXFrameworksBuildPhase section */

/* Begin PBXGroup section */
		9032A40E25465BB0001ECCC3 = {
			isa = PBXGroup;
			children = (
				9032A41925465BB0001ECCC3 /* VideoToolboxExample */,
				9032A41825465BB0001ECCC3 /* Products */,
			);
			sourceTree = "<group>";
		};
		9032A41825465BB0001ECCC3 /* Products */ = {
			isa = PBXGroup;
			children = (
				9032A41725465BB0001ECCC3 /* VideoToolboxExample.app */,
			);
			name = Products;
			sourceTree = "<group>";
		};
		9032A41925465BB0001ECCC3 /* VideoToolboxExample */ = {
			isa = PBXGroup;
			children = (
				9032A41A25465BB1001ECCC3 /* AppDelegate.swift */,
				9032A43625465D8C001ECCC3 /* AVManager.swift */,
				9032A478254681A7001ECCC3 /* H264Coder.swift */,
				9032A47B2546826C001ECCC3 /* H264Decoder.swift */,
				9032A439254669CF001ECCC3 /* AVDisaplyView.swift */,
				9032A47025467F1C001ECCC3 /* RenderView.swift */,
				9032A41C25465BB1001ECCC3 /* VideoView.swift */,
				9032A41E25465BB1001ECCC3 /* Assets.xcassets */,
				9032A42325465BB1001ECCC3 /* Main.storyboard */,
				9032A42625465BB1001ECCC3 /* Info.plist */,
				9032A42725465BB1001ECCC3 /* VideoToolboxExample.entitlements */,
				9032A42025465BB1001ECCC3 /* Preview Content */,
			);
			path = VideoToolboxExample;
			sourceTree = "<group>";
		};
		9032A42025465BB1001ECCC3 /* Preview Content */ = {
			isa = PBXGroup;
			children = (
				9032A42125465BB1001ECCC3 /* Preview Assets.xcassets */,
			);
			path = "Preview Content";
			sourceTree = "<group>";
		};
/* End PBXGroup section */

/* Begin PBXNativeTarget section */
		9032A41625465BB0001ECCC3 /* VideoToolboxExample */ = {
			isa = PBXNativeTarget;
			buildConfigurationList = 9032A42A25465BB1001ECCC3 /* Build configuration list for PBXNativeTarget "VideoToolboxExample" */;
			buildPhases = (
				9032A41325465BB0001ECCC3 /* Sources */,
				9032A41425465BB0001ECCC3 /* Frameworks */,
				9032A41525465BB0001ECCC3 /* Resources */,
			);
			buildRules = (
			);
			dependencies = (
			);
			name = VideoToolboxExample;
			productName = VideoToolboxExample;
			productReference = 9032A41725465BB0001ECCC3 /* VideoToolboxExample.app */;
			productType = "com.apple.product-type.application";
		};
/* End PBXNativeTarget section */

/* Begin PBXProject section */
		9032A40F25465BB0001ECCC3 /* Project object */ = {
			isa = PBXProject;
			attributes = {
				LastSwiftUpdateCheck = 1210;
				LastUpgradeCheck = 1210;
				TargetAttributes = {
					9032A41625465BB0001ECCC3 = {
						CreatedOnToolsVersion = 12.1;
					};
				};
			};
			buildConfigurationList = 9032A41225465BB0001ECCC3 /* Build configuration list for PBXProject "VideoToolboxExample" */;
			compatibilityVersion = "Xcode 9.3";
			developmentRegion = en;
			hasScannedForEncodings = 0;
			knownRegions = (
				en,
				Base,
			);
			mainGroup = 9032A40E25465BB0001ECCC3;
			productRefGroup = 9032A41825465BB0001ECCC3 /* Products */;
			projectDirPath = "";
			projectRoot = "";
			targets = (
				9032A41625465BB0001ECCC3 /* VideoToolboxExample */,
			);
		};
/* End PBXProject section */

/* Begin PBXResourcesBuildPhase section */
		9032A41525465BB0001ECCC3 /* Resources */ = {
			isa = PBXResourcesBuildPhase;
			buildActionMask = 2147483647;
			files = (
				9032A42525465BB1001ECCC3 /* Main.storyboard in Resources */,
				9032A42225465BB1001ECCC3 /* Preview Assets.xcassets in Resources */,
				9032A41F25465BB1001ECCC3 /* Assets.xcassets in Resources */,
			);
			runOnlyForDeploymentPostprocessing = 0;
		};
/* End PBXResourcesBuildPhase section */

/* Begin PBXSourcesBuildPhase section */
		9032A41325465BB0001ECCC3 /* Sources */ = {
			isa = PBXSourcesBuildPhase;
			buildActionMask = 2147483647;
			files = (
				9032A43A254669CF001ECCC3 /* AVDisaplyView.swift in Sources */,
				9032A41D25465BB1001ECCC3 /* VideoView.swift in Sources */,
				9032A47125467F1C001ECCC3 /* RenderView.swift in Sources */,
				9032A479254681A7001ECCC3 /* H264Coder.swift in Sources */,
				9032A41B25465BB1001ECCC3 /* AppDelegate.swift in Sources */,
				9032A47C2546826D001ECCC3 /* H264Decoder.swift in Sources */,
				9032A43725465D8C001ECCC3 /* AVManager.swift in Sources */,
			);
			runOnlyForDeploymentPostprocessing = 0;
		};
/* End PBXSourcesBuildPhase section */

/* Begin PBXVariantGroup section */
		9032A42325465BB1001ECCC3 /* Main.storyboard */ = {
			isa = PBXVariantGroup;
			children = (
				9032A42425465BB1001ECCC3 /* Base */,
			);
			name = Main.storyboard;
			sourceTree = "<group>";
		};
/* End PBXVariantGroup section */

/* Begin XCBuildConfiguration section */
		9032A42825465BB1001ECCC3 /* Debug */ = {
			isa = XCBuildConfiguration;
			buildSettings = {
				ALWAYS_SEARCH_USER_PATHS = NO;
				CLANG_ANALYZER_NONNULL = YES;
				CLANG_ANALYZER_NUMBER_OBJECT_CONVERSION = YES_AGGRESSIVE;
				CLANG_CXX_LANGUAGE_STANDARD = "gnu++14";
				CLANG_CXX_LIBRARY = "libc++";
				CLANG_ENABLE_MODULES = YES;
				CLANG_ENABLE_OBJC_ARC = YES;
				CLANG_ENABLE_OBJC_WEAK = YES;
				CLANG_WARN_BLOCK_CAPTURE_AUTORELEASING = YES;
				CLANG_WARN_BOOL_CONVERSION = YES;
				CLANG_WARN_COMMA = YES;
				CLANG_WARN_CONSTANT_CONVERSION = YES;
				CLANG_WARN_DEPRECATED_OBJC_IMPLEMENTATIONS = YES;
				CLANG_WARN_DIRECT_OBJC_ISA_USAGE = YES_ERROR;
				CLANG_WARN_DOCUMENTATION_COMMENTS = YES;
				CLANG_WARN_EMPTY_BODY = YES;
				CLANG_WARN_ENUM_CONVERSION = YES;
				CLANG_WARN_INFINITE_RECURSION = YES;
				CLANG_WARN_INT_CONVERSION = YES;
				CLANG_WARN_NON_LITERAL_NULL_CONVERSION = YES;
				CLANG_WARN_OBJC_IMPLICIT_RETAIN_SELF = YES;
				CLANG_WARN_OBJC_LITERAL_CONVERSION = YES;
				CLANG_WARN_OBJC_ROOT_CLASS = YES_ERROR;
				CLANG_WARN_QUOTED_INCLUDE_IN_FRAMEWORK_HEADER = YES;
				CLANG_WARN_RANGE_LOOP_ANALYSIS = YES;
				CLANG_WARN_STRICT_PROTOTYPES = YES;
				CLANG_WARN_SUSPICIOUS_MOVE = YES;
				CLANG_WARN_UNGUARDED_AVAILABILITY = YES_AGGRESSIVE;
				CLANG_WARN_UNREACHABLE_CODE = YES;
				CLANG_WARN__DUPLICATE_METHOD_MATCH = YES;
				COPY_PHASE_STRIP = NO;
				DEBUG_INFORMATION_FORMAT = dwarf;
				ENABLE_STRICT_OBJC_MSGSEND = YES;
				ENABLE_TESTABILITY = YES;
				GCC_C_LANGUAGE_STANDARD = gnu11;
				GCC_DYNAMIC_NO_PIC = NO;
				GCC_NO_COMMON_BLOCKS = YES;
				GCC_OPTIMIZATION_LEVEL = 0;
				GCC_PREPROCESSOR_DEFINITIONS = (
					"DEBUG=1",
					"$(inherited)",
				);
				GCC_WARN_64_TO_32_BIT_CONVERSION = YES;
				GCC_WARN_ABOUT_RETURN_TYPE = YES_ERROR;
				GCC_WARN_UNDECLARED_SELECTOR = YES;
				GCC_WARN_UNINITIALIZED_AUTOS = YES_AGGRESSIVE;
				GCC_WARN_UNUSED_FUNCTION = YES;
				GCC_WARN_UNUSED_VARIABLE = YES;
				MACOSX_DEPLOYMENT_TARGET = 10.15;
				MTL_ENABLE_DEBUG_INFO = INCLUDE_SOURCE;
				MTL_FAST_MATH = YES;
				ONLY_ACTIVE_ARCH = YES;
				SDKROOT = macosx;
				SWIFT_ACTIVE_COMPILATION_CONDITIONS = DEBUG;
				SWIFT_OPTIMIZATION_LEVEL = "-Onone";
			};
			name = Debug;
		};
		9032A42925465BB1001ECCC3 /* Release */ = {
			isa = XCBuildConfiguration;
			buildSettings = {
				ALWAYS_SEARCH_USER_PATHS = NO;
				CLANG_ANALYZER_NONNULL = YES;
				CLANG_ANALYZER_NUMBER_OBJECT_CONVERSION = YES_AGGRESSIVE;
				CLANG_CXX_LANGUAGE_STANDARD = "gnu++14";
				CLANG_CXX_LIBRARY = "libc++";
				CLANG_ENABLE_MODULES = YES;
				CLANG_ENABLE_OBJC_ARC = YES;
				CLANG_ENABLE_OBJC_WEAK = YES;
				CLANG_WARN_BLOCK_CAPTURE_AUTORELEASING = YES;
				CLANG_WARN_BOOL_CONVERSION = YES;
				CLANG_WARN_COMMA = YES;
				CLANG_WARN_CONSTANT_CONVERSION = YES;
				CLANG_WARN_DEPRECATED_OBJC_IMPLEMENTATIONS = YES;
				CLANG_WARN_DIRECT_OBJC_ISA_USAGE = YES_ERROR;
				CLANG_WARN_DOCUMENTATION_COMMENTS = YES;
				CLANG_WARN_EMPTY_BODY = YES;
				CLANG_WARN_ENUM_CONVERSION = YES;
				CLANG_WARN_INFINITE_RECURSION = YES;
				CLANG_WARN_INT_CONVERSION = YES;
				CLANG_WARN_NON_LITERAL_NULL_CONVERSION = YES;
				CLANG_WARN_OBJC_IMPLICIT_RETAIN_SELF = YES;
				CLANG_WARN_OBJC_LITERAL_CONVERSION = YES;
				CLANG_WARN_OBJC_ROOT_CLASS = YES_ERROR;
				CLANG_WARN_QUOTED_INCLUDE_IN_FRAMEWORK_HEADER = YES;
				CLANG_WARN_RANGE_LOOP_ANALYSIS = YES;
				CLANG_WARN_STRICT_PROTOTYPES = YES;
				CLANG_WARN_SUSPICIOUS_MOVE = YES;
				CLANG_WARN_UNGUARDED_AVAILABILITY = YES_AGGRESSIVE;
				CLANG_WARN_UNREACHABLE_CODE = YES;
				CLANG_WARN__DUPLICATE_METHOD_MATCH = YES;
				COPY_PHASE_STRIP = NO;
				DEBUG_INFORMATION_FORMAT = "dwarf-with-dsym";
				ENABLE_NS_ASSERTIONS = NO;
				ENABLE_STRICT_OBJC_MSGSEND = YES;
				GCC_C_LANGUAGE_STANDARD = gnu11;
				GCC_NO_COMMON_BLOCKS = YES;
				GCC_WARN_64_TO_32_BIT_CONVERSION = YES;
				GCC_WARN_ABOUT_RETURN_TYPE = YES_ERROR;
				GCC_WARN_UNDECLARED_SELECTOR = YES;
				GCC_WARN_UNINITIALIZED_AUTOS = YES_AGGRESSIVE;
				GCC_WARN_UNUSED_FUNCTION = YES;
				GCC_WARN_UNUSED_VARIABLE = YES;
				MACOSX_DEPLOYMENT_TARGET = 10.15;
				MTL_ENABLE_DEBUG_INFO = NO;
				MTL_FAST_MATH = YES;
				SDKROOT = macosx;
				SWIFT_COMPILATION_MODE = wholemodule;
				SWIFT_OPTIMIZATION_LEVEL = "-O";
			};
			name = Release;
		};
		9032A42B25465BB1001ECCC3 /* Debug */ = {
			isa = XCBuildConfiguration;
			buildSettings = {
				ASSETCATALOG_COMPILER_APPICON_NAME = AppIcon;
				ASSETCATALOG_COMPILER_GLOBAL_ACCENT_COLOR_NAME = AccentColor;
				CODE_SIGN_ENTITLEMENTS = VideoToolboxExample/VideoToolboxExample.entitlements;
				CODE_SIGN_STYLE = Automatic;
				COMBINE_HIDPI_IMAGES = YES;
				DEVELOPMENT_ASSET_PATHS = "\"VideoToolboxExample/Preview Content\"";
				DEVELOPMENT_TEAM = 7G4JF8R3R6;
				ENABLE_HARDENED_RUNTIME = YES;
				ENABLE_PREVIEWS = YES;
				INFOPLIST_FILE = VideoToolboxExample/Info.plist;
				LD_RUNPATH_SEARCH_PATHS = (
					"$(inherited)",
					"@executable_path/../Frameworks",
				);
				MACOSX_DEPLOYMENT_TARGET = 10.15;
				PRODUCT_BUNDLE_IDENTIFIER = co.borama.VideoToolboxExample;
				PRODUCT_NAME = "$(TARGET_NAME)";
				SWIFT_VERSION = 5.0;
			};
			name = Debug;
		};
		9032A42C25465BB1001ECCC3 /* Release */ = {
			isa = XCBuildConfiguration;
			buildSettings = {
				ASSETCATALOG_COMPILER_APPICON_NAME = AppIcon;
				ASSETCATALOG_COMPILER_GLOBAL_ACCENT_COLOR_NAME = AccentColor;
				CODE_SIGN_ENTITLEMENTS = VideoToolboxExample/VideoToolboxExample.entitlements;
				CODE_SIGN_STYLE = Automatic;
				COMBINE_HIDPI_IMAGES = YES;
				DEVELOPMENT_ASSET_PATHS = "\"VideoToolboxExample/Preview Content\"";
				DEVELOPMENT_TEAM = 7G4JF8R3R6;
				ENABLE_HARDENED_RUNTIME = YES;
				ENABLE_PREVIEWS = YES;
				INFOPLIST_FILE = VideoToolboxExample/Info.plist;
				LD_RUNPATH_SEARCH_PATHS = (
					"$(inherited)",
					"@executable_path/../Frameworks",
				);
				MACOSX_DEPLOYMENT_TARGET = 10.15;
				PRODUCT_BUNDLE_IDENTIFIER = co.borama.VideoToolboxExample;
				PRODUCT_NAME = "$(TARGET_NAME)";
				SWIFT_VERSION = 5.0;
			};
			name = Release;
		};
/* End XCBuildConfiguration section */

/* Begin XCConfigurationList section */
		9032A41225465BB0001ECCC3 /* Build configuration list for PBXProject "VideoToolboxExample" */ = {
			isa = XCConfigurationList;
			buildConfigurations = (
				9032A42825465BB1001ECCC3 /* Debug */,
				9032A42925465BB1001ECCC3 /* Release */,
			);
			defaultConfigurationIsVisible = 0;
			defaultConfigurationName = Release;
		};
		9032A42A25465BB1001ECCC3 /* Build configuration list for PBXNativeTarget "VideoToolboxExample" */ = {
			isa = XCConfigurationList;
			buildConfigurations = (
				9032A42B25465BB1001ECCC3 /* Debug */,
				9032A42C25465BB1001ECCC3 /* Release */,
			);
			defaultConfigurationIsVisible = 0;
			defaultConfigurationName = Release;
		};
/* End XCConfigurationList section */
	};
	rootObject = 9032A40F25465BB0001ECCC3 /* Project object */;
}
